
Microsoft Visual Studio Solution File, Format Version 12.00
# Visual Studio Version 18
VisualStudioVersion = 18.6.11822.322
MinimumVisualStudioVersion = 10.0.40219.1
Project("{2150E333-8FDC-42A3-9474-1A3956D46DE8}") = "Services", "Services", "{02EA681E-C7D8-13C7-8484-4AC65E1B71E8}"
EndProject
Project("{2150E333-8FDC-42A3-9474-1A3956D46DE8}") = "ApiGateway", "ApiGateway", "{C3C92FCB-2813-4334-B686-D1B9A715CEA8}"
EndProject
Project("{FAE04EC0-301F-11D3-BF4B-00C04F79EFBC}") = "ApiGateway", "ApiGateway\ApiGateway\ApiGateway.csproj", "{11F73670-87EF-47A7-A929-D7A6BD30FA0F}"
EndProject
Project("{E53339B2-1760-4266-BCC7-CA923CBCF16C}") = "docker-compose", "docker-compose.dcproj", "{81DDED9D-158B-E303-5F62-77A2896D2A5A}"
EndProject
Project("{2150E333-8FDC-42A3-9474-1A3956D46DE8}") = "AUTH", "AUTH", "{D5F79A73-C5C1-44BA-BA37-A9D430DBDCA5}"
EndProject
Project("{FAE04EC0-301F-11D3-BF4B-00C04F79EFBC}") = "AUTH.Application", "Services\AUTH\AUTH.Application\AUTH.Application.csproj", "{2D7A1858-F35A-4689-B580-B43707C418BF}"
EndProject
Project("{FAE04EC0-301F-11D3-BF4B-00C04F79EFBC}") = "AUTH.Domain", "Services\AUTH\AUTH.Domain\AUTH.Domain.csproj", "{DD8EEAC1-A554-4CD4-BA97-701D7AB9AFA3}"
EndProject
Project("{FAE04EC0-301F-11D3-BF4B-00C04F79EFBC}") = "AUTH.Infrastructure", "Services\AUTH\AUTH.Infrastructure\AUTH.Infrastructure.csproj", "{231BD3FA-28BF-4C75-92E2-F8480099F854}"
EndProject
Project("{FAE04EC0-301F-11D3-BF4B-00C04F79EFBC}") = "HRK.AUTH", "Services\AUTH\HRK.AUTH\HRK.AUTH.csproj", "{24510BC7-4FDF-41D1-A5E7-2FF175D85231}"
EndProject
Project("{2150E333-8FDC-42A3-9474-1A3956D46DE8}") = "CoreEngine", "CoreEngine", "{7AFE8DFC-DF6C-4DAF-AAF3-5ED4290EEFE8}"
EndProject
Project("{FAE04EC0-301F-11D3-BF4B-00C04F79EFBC}") = "Core.Common", "CoreEngine\Core.Common\Core.Common.csproj", "{EF21BB4E-B350-4838-946B-10503A191DDA}"
EndProject
Project("{FAE04EC0-301F-11D3-BF4B-00C04F79EFBC}") = "Core.MultiProcessing", "CoreEngine\Core.MultiProcessing\Core.MultiProcessing.csproj", "{5F4B8DAA-8093-456D-8D2D-C3E973B193F6}"
EndProject
Project("{FAE04EC0-301F-11D3-BF4B-00C04F79EFBC}") = "Core.RabbitMQ", "CoreEngine\Core.RabbitMQ\Core.RabbitMQ.csproj", "{BBA5E6B1-5A80-4FAF-B72D-4B33FC531EA9}"
EndProject
Project("{2150E333-8FDC-42A3-9474-1A3956D46DE8}") = "HRKGAME", "HRKGAME", "{2772F9A7-576C-4C7F-9B09-05AF99957682}"
EndProject
Project("{FAE04EC0-301F-11D3-BF4B-00C04F79EFBC}") = "HRK.GAME", "Services\HRKGAME\HRK.GAME\HRK.GAME.csproj", "{463E0E77-123A-4556-B795-6185C033D843}"
EndProject
Project("{FAE04EC0-301F-11D3-BF4B-00C04F79EFBC}") = "GAME.Application", "Services\HRKGAME\GAME.Application\GAME.Application.csproj", "{5964DCC4-1B5B-4183-BE4D-91C71B8FDB95}"
EndProject
Project("{FAE04EC0-301F-11D3-BF4B-00C04F79EFBC}") = "GAME.Infrastructure", "Services\HRKGAME\GAME.Infrastructure\GAME.Infrastructure.csproj", "{6BB9DBBE-282F-460B-94EA-93802AA3D880}"
EndProject
Project("{FAE04EC0-301F-11D3-BF4B-00C04F79EFBC}") = "GAME.Domain", "Services\HRKGAME\GAME.Domain\GAME.Domain.csproj", "{DC205C81-3E83-4C04-A793-4CA7D3E406E1}"
EndProject
Project("{FAE04EC0-301F-11D3-BF4B-00C04F79EFBC}") = "Core.Messaging.Contracts", "CoreEngine\Core.Messaging.Contracts\Core.Messaging.Contracts.csproj", "{F7AA8D6A-7D67-45D6-8875-2BF4B5A9359C}"
EndProject
Project("{FAE04EC0-301F-11D3-BF4B-00C04F79EFBC}") = "Core.TransactionalMessaging", "CoreEngine\Core.TransactionalMessaging\Core.TransactionalMessaging.csproj", "{D4C1E5B2-64D9-4F68-A0A2-9B0D775E3C10}"
EndProject
Project("{2150E333-8FDC-42A3-9474-1A3956D46DE8}") = "HRKREALTIME", "HRKREALTIME", "{A2D90DE8-20D9-46AC-A91B-55079B6D29C1}"
EndProject
Project("{FAE04EC0-301F-11D3-BF4B-00C04F79EFBC}") = "HRK.REALTIME", "Services\HRKREALTIME\HRK.REALTIME\HRK.REALTIME.csproj", "{E46C108A-D8DD-4135-BAF6-343A35D5CA64}"
EndProject
Project("{2150E333-8FDC-42A3-9474-1A3956D46DE8}") = "Tests", "Tests", "{0AB3BF05-4346-4AA6-1389-037BE0695223}"
EndProject
Project("{2150E333-8FDC-42A3-9474-1A3956D46DE8}") = "dcs-game", "dcs-game", "{901DA1A6-264C-D97A-71FB-4D2CA1CFB10B}"
EndProject
Project("{FAE04EC0-301F-11D3-BF4B-00C04F79EFBC}") = "GAME.Domain.Tests", "Tests\dcs-game\GAME.Domain.Tests\GAME.Domain.Tests.csproj", "{2B196E93-DBF2-4EB9-AFF8-D11A78423585}"
EndProject
Project("{FAE04EC0-301F-11D3-BF4B-00C04F79EFBC}") = "Oservability", "CoreEngine\Oservability\Oservability.csproj", "{F1A9FD39-2688-45D9-B3BE-BB0C43FA9C9C}"
EndProject
Project("{2150E333-8FDC-42A3-9474-1A3956D46DE8}") = "HRKACTIVITY", "HRKACTIVITY", "{BFAA98EA-5337-A297-5334-DC8AFFE1FD8D}"
EndProject
Project("{FAE04EC0-301F-11D3-BF4B-00C04F79EFBC}") = "Activity.Domain", "Services\HRKACTIVITY\Activity.Domain\Activity.Domain.csproj", "{4D162459-5969-4435-AB7F-F396345E3263}"
EndProject
Project("{FAE04EC0-301F-11D3-BF4B-00C04F79EFBC}") = "Activity.Application", "Services\HRKACTIVITY\Activity.Application\Activity.Application.csproj", "{76430F33-335A-4DDA-898F-C9C116896EFA}"
EndProject
Project("{FAE04EC0-301F-11D3-BF4B-00C04F79EFBC}") = "Activity.Infrastructure", "Services\HRKACTIVITY\Activity.Infrastructure\Activity.Infrastructure.csproj", "{1FFBA822-082C-47F4-BE1D-8E2DFEB57423}"
EndProject
Project("{FAE04EC0-301F-11D3-BF4B-00C04F79EFBC}") = "HRK.ACTIVITY", "Services\HRKACTIVITY\HRK.ACTIVITY\HRK.ACTIVITY.csproj", "{B6BB3813-402A-428E-9602-121432C342D4}"
EndProject
Project("{FAE04EC0-301F-11D3-BF4B-00C04F79EFBC}") = "Oservability.Tests", "Tests\Oservability.Tests\Oservability.Tests.csproj", "{DD145C24-584D-49E5-96D8-ABBDA2BD5176}"
EndProject
Global
	GlobalSection(SolutionConfigurationPlatforms) = preSolution
		Debug|Any CPU = Debug|Any CPU
		Debug|x64 = Debug|x64
		Debug|x86 = Debug|x86
		Release|Any CPU = Release|Any CPU
		Release|x64 = Release|x64
		Release|x86 = Release|x86
	EndGlobalSection
	GlobalSection(ProjectConfigurationPlatforms) = postSolution
		{11F73670-87EF-47A7-A929-D7A6BD30FA0F}.Debug|Any CPU.ActiveCfg = Debug|Any CPU
		{11F73670-87EF-47A7-A929-D7A6BD30FA0F}.Debug|Any CPU.Build.0 = Debug|Any CPU
		{11F73670-87EF-47A7-A929-D7A6BD30FA0F}.Debug|x64.ActiveCfg = Debug|Any CPU
		{11F73670-87EF-47A7-A929-D7A6BD30FA0F}.Debug|x64.Build.0 = Debug|Any CPU
		{11F73670-87EF-47A7-A929-D7A6BD30FA0F}.Debug|x86.ActiveCfg = Debug|Any CPU
		{11F73670-87EF-47A7-A929-D7A6BD30FA0F}.Debug|x86.Build.0 = Debug|Any CPU
		{11F73670-87EF-47A7-A929-D7A6BD30FA0F}.Release|Any CPU.ActiveCfg = Release|Any CPU
		{11F73670-87EF-47A7-A929-D7A6BD30FA0F}.Release|Any CPU.Build.0 = Release|Any CPU
		{11F73670-87EF-47A7-A929-D7A6BD30FA0F}.Release|x64.ActiveCfg = Release|Any CPU
		{11F73670-87EF-47A7-A929-D7A6BD30FA0F}.Release|x64.Build.0 = Release|Any CPU
		{11F73670-87EF-47A7-A929-D7A6BD30FA0F}.Release|x86.ActiveCfg = Release|Any CPU
		{11F73670-87EF-47A7-A929-D7A6BD30FA0F}.Release|x86.Build.0 = Release|Any CPU
		{81DDED9D-158B-E303-5F62-77A2896D2A5A}.Debug|Any CPU.ActiveCfg = Debug|Any CPU
		{81DDED9D-158B-E303-5F62-77A2896D2A5A}.Debug|Any CPU.Build.0 = Debug|Any CPU
		{81DDED9D-158B-E303-5F62-77A2896D2A5A}.Debug|x64.ActiveCfg = Debug|x64
		{81DDED9D-158B-E303-5F62-77A2896D2A5A}.Debug|x86.ActiveCfg = Debug|x86
		{81DDED9D-158B-E303-5F62-77A2896D2A5A}.Release|Any CPU.ActiveCfg = Release|Any CPU
		{81DDED9D-158B-E303-5F62-77A2896D2A5A}.Release|Any CPU.Build.0 = Release|Any CPU
		{81DDED9D-158B-E303-5F62-77A2896D2A5A}.Release|x64.ActiveCfg = Release|x64
		{81DDED9D-158B-E303-5F62-77A2896D2A5A}.Release|x86.ActiveCfg = Release|x86
		{2D7A1858-F35A-4689-B580-B43707C418BF}.Debug|Any CPU.ActiveCfg = Debug|Any CPU
		{2D7A1858-F35A-4689-B580-B43707C418BF}.Debug|Any CPU.Build.0 = Debug|Any CPU
		{2D7A1858-F35A-4689-B580-B43707C418BF}.Debug|x64.ActiveCfg = Debug|Any CPU
		{2D7A1858-F35A-4689-B580-B43707C418BF}.Debug|x64.Build.0 = Debug|Any CPU
		{2D7A1858-F35A-4689-B580-B43707C418BF}.Debug|x86.ActiveCfg = Debug|Any CPU
		{2D7A1858-F35A-4689-B580-B43707C418BF}.Debug|x86.Build.0 = Debug|Any CPU
		{2D7A1858-F35A-4689-B580-B43707C418BF}.Release|Any CPU.ActiveCfg = Release|Any CPU
		{2D7A1858-F35A-4689-B580-B43707C418BF}.Release|Any CPU.Build.0 = Release|Any CPU
		{2D7A1858-F35A-4689-B580-B43707C418BF}.Release|x64.ActiveCfg = Release|Any CPU
		{2D7A1858-F35A-4689-B580-B43707C418BF}.Release|x64.Build.0 = Release|Any CPU
		{2D7A1858-F35A-4689-B580-B43707C418BF}.Release|x86.ActiveCfg = Release|Any CPU
		{2D7A1858-F35A-4689-B580-B43707C418BF}.Release|x86.Build.0 = Release|Any CPU
		{DD8EEAC1-A554-4CD4-BA97-701D7AB9AFA3}.Debug|Any CPU.ActiveCfg = Debug|Any CPU
		{DD8EEAC1-A554-4CD4-BA97-701D7AB9AFA3}.Debug|Any CPU.Build.0 = Debug|Any CPU
		{DD8EEAC1-A554-4CD4-BA97-701D7AB9AFA3}.Debug|x64.ActiveCfg = Debug|Any CPU
		{DD8EEAC1-A554-4CD4-BA97-701D7AB9AFA3}.Debug|x64.Build.0 = Debug|Any CPU
		{DD8EEAC1-A554-4CD4-BA97-701D7AB9AFA3}.Debug|x86.ActiveCfg = Debug|Any CPU
		{DD8EEAC1-A554-4CD4-BA97-701D7AB9AFA3}.Debug|x86.Build.0 = Debug|Any CPU
		{DD8EEAC1-A554-4CD4-BA97-701D7AB9AFA3}.Release|Any CPU.ActiveCfg = Release|Any CPU
		{DD8EEAC1-A554-4CD4-BA97-701D7AB9AFA3}.Release|Any CPU.Build.0 = Release|Any CPU
		{DD8EEAC1-A554-4CD4-BA97-701D7AB9AFA3}.Release|x64.ActiveCfg = Release|Any CPU
		{DD8EEAC1-A554-4CD4-BA97-701D7AB9AFA3}.Release|x64.Build.0 = Release|Any CPU
		{DD8EEAC1-A554-4CD4-BA97-701D7AB9AFA3}.Release|x86.ActiveCfg = Release|Any CPU
		{DD8EEAC1-A554-4CD4-BA97-701D7AB9AFA3}.Release|x86.Build.0 = Release|Any CPU
		{231BD3FA-28BF-4C75-92E2-F8480099F854}.Debug|Any CPU.ActiveCfg = Debug|Any CPU
		{231BD3FA-28BF-4C75-92E2-F8480099F854}.Debug|Any CPU.Build.0 = Debug|Any CPU
		{231BD3FA-28BF-4C75-92E2-F8480099F854}.Debug|x64.ActiveCfg = Debug|Any CPU
		{231BD3FA-28BF-4C75-92E2-F8480099F854}.Debug|x64.Build.0 = Debug|Any CPU
		{231BD3FA-28BF-4C75-92E2-F8480099F854}.Debug|x86.ActiveCfg = Debug|Any CPU
		{231BD3FA-28BF-4C75-92E2-F8480099F854}.Debug|x86.Build.0 = Debug|Any CPU
		{231BD3FA-28BF-4C75-92E2-F8480099F854}.Release|Any CPU.ActiveCfg = Release|Any CPU
		{231BD3FA-28BF-4C75-92E2-F8480099F854}.Release|Any CPU.Build.0 = Release|Any CPU
		{231BD3FA-28BF-4C75-92E2-F8480099F854}.Release|x64.ActiveCfg = Release|Any CPU
		{231BD3FA-28BF-4C75-92E2-F8480099F854}.Release|x64.Build.0 = Release|Any CPU
		{231BD3FA-28BF-4C75-92E2-F8480099F854}.Release|x86.ActiveCfg = Release|Any CPU
		{231BD3FA-28BF-4C75-92E2-F8480099F854}.Release|x86.Build.0 = Release|Any CPU
		{24510BC7-4FDF-41D1-A5E7-2FF175D85231}.Debug|Any CPU.ActiveCfg = Debug|Any CPU
		{24510BC7-4FDF-41D1-A5E7-2FF175D85231}.Debug|Any CPU.Build.0 = Debug|Any CPU
		{24510BC7-4FDF-41D1-A5E7-2FF175D85231}.Debug|x64.ActiveCfg = Debug|Any CPU
		{24510BC7-4FDF-41D1-A5E7-2FF175D85231}.Debug|x64.Build.0 = Debug|Any CPU
		{24510BC7-4FDF-41D1-A5E7-2FF175D85231}.Debug|x86.ActiveCfg = Debug|Any CPU
		{24510BC7-4FDF-41D1-A5E7-2FF175D85231}.Debug|x86.Build.0 = Debug|Any CPU
		{24510BC7-4FDF-41D1-A5E7-2FF175D85231}.Release|Any CPU.ActiveCfg = Release|Any CPU
		{24510BC7-4FDF-41D1-A5E7-2FF175D85231}.Release|Any CPU.Build.0 = Release|Any CPU
		{24510BC7-4FDF-41D1-A5E7-2FF175D85231}.Release|x64.ActiveCfg = Release|Any CPU
		{24510BC7-4FDF-41D1-A5E7-2FF175D85231}.Release|x64.Build.0 = Release|Any CPU
		{24510BC7-4FDF-41D1-A5E7-2FF175D85231}.Release|x86.ActiveCfg = Release|Any CPU
		{24510BC7-4FDF-41D1-A5E7-2FF175D85231}.Release|x86.Build.0 = Release|Any CPU
		{EF21BB4E-B350-4838-946B-10503A191DDA}.Debug|Any CPU.ActiveCfg = Debug|Any CPU
		{EF21BB4E-B350-4838-946B-10503A191DDA}.Debug|Any CPU.Build.0 = Debug|Any CPU
		{EF21BB4E-B350-4838-946B-10503A191DDA}.Debug|x64.ActiveCfg = Debug|Any CPU
		{EF21BB4E-B350-4838-946B-10503A191DDA}.Debug|x64.Build.0 = Debug|Any CPU
		{EF21BB4E-B350-4838-946B-10503A191DDA}.Debug|x86.ActiveCfg = Debug|Any CPU
		{EF21BB4E-B350-4838-946B-10503A191DDA}.Debug|x86.Build.0 = Debug|Any CPU
		{EF21BB4E-B350-4838-946B-10503A191DDA}.Release|Any CPU.ActiveCfg = Release|Any CPU
		{EF21BB4E-B350-4838-946B-10503A191DDA}.Release|Any CPU.Build.0 = Release|Any CPU
		{EF21BB4E-B350-4838-946B-10503A191DDA}.Release|x64.ActiveCfg = Release|Any CPU
		{EF21BB4E-B350-4838-946B-10503A191DDA}.Release|x64.Build.0 = Release|Any CPU
		{EF21BB4E-B350-4838-946B-10503A191DDA}.Release|x86.ActiveCfg = Release|Any CPU
		{EF21BB4E-B350-4838-946B-10503A191DDA}.Release|x86.Build.0 = Release|Any CPU
		{5F4B8DAA-8093-456D-8D2D-C3E973B193F6}.Debug|Any CPU.ActiveCfg = Debug|Any CPU
		{5F4B8DAA-8093-456D-8D2D-C3E973B193F6}.Debug|Any CPU.Build.0 = Debug|Any CPU
		{5F4B8DAA-8093-456D-8D2D-C3E973B193F6}.Debug|x64.ActiveCfg = Debug|Any CPU
		{5F4B8DAA-8093-456D-8D2D-C3E973B193F6}.Debug|x64.Build.0 = Debug|Any CPU
		{5F4B8DAA-8093-456D-8D2D-C3E973B193F6}.Debug|x86.ActiveCfg = Debug|Any CPU
		{5F4B8DAA-8093-456D-8D2D-C3E973B193F6}.Debug|x86.Build.0 = Debug|Any CPU
		{5F4B8DAA-8093-456D-8D2D-C3E973B193F6}.Release|Any CPU.ActiveCfg = Release|Any CPU
		{5F4B8DAA-8093-456D-8D2D-C3E973B193F6}.Release|Any CPU.Build.0 = Release|Any CPU
		{5F4B8DAA-8093-456D-8D2D-C3E973B193F6}.Release|x64.ActiveCfg = Release|Any CPU
		{5F4B8DAA-8093-456D-8D2D-C3E973B193F6}.Release|x64.Build.0 = Release|Any CPU
		{5F4B8DAA-8093-456D-8D2D-C3E973B193F6}.Release|x86.ActiveCfg = Release|Any CPU
		{5F4B8DAA-8093-456D-8D2D-C3E973B193F6}.Release|x86.Build.0 = Release|Any CPU
		{BBA5E6B1-5A80-4FAF-B72D-4B33FC531EA9}.Debug|Any CPU.ActiveCfg = Debug|Any CPU
		{BBA5E6B1-5A80-4FAF-B72D-4B33FC531EA9}.Debug|Any CPU.Build.0 = Debug|Any CPU
		{BBA5E6B1-5A80-4FAF-B72D-4B33FC531EA9}.Debug|x64.ActiveCfg = Debug|Any CPU
		{BBA5E6B1-5A80-4FAF-B72D-4B33FC531EA9}.Debug|x64.Build.0 = Debug|Any CPU
		{BBA5E6B1-5A80-4FAF-B72D-4B33FC531EA9}.Debug|x86.ActiveCfg = Debug|Any CPU
		{BBA5E6B1-5A80-4FAF-B72D-4B33FC531EA9}.Debug|x86.Build.0 = Debug|Any CPU
		{BBA5E6B1-5A80-4FAF-B72D-4B33FC531EA9}.Release|Any CPU.ActiveCfg = Release|Any CPU
		{BBA5E6B1-5A80-4FAF-B72D-4B33FC531EA9}.Release|Any CPU.Build.0 = Release|Any CPU
		{BBA5E6B1-5A80-4FAF-B72D-4B33FC531EA9}.Release|x64.ActiveCfg = Release|Any CPU
		{BBA5E6B1-5A80-4FAF-B72D-4B33FC531EA9}.Release|x64.Build.0 = Release|Any CPU
		{BBA5E6B1-5A80-4FAF-B72D-4B33FC531EA9}.Release|x86.ActiveCfg = Release|Any CPU
		{BBA5E6B1-5A80-4FAF-B72D-4B33FC531EA9}.Release|x86.Build.0 = Release|Any CPU
		{463E0E77-123A-4556-B795-6185C033D843}.Debug|Any CPU.ActiveCfg = Debug|Any CPU
		{463E0E77-123A-4556-B795-6185C033D843}.Debug|Any CPU.Build.0 = Debug|Any CPU
		{463E0E77-123A-4556-B795-6185C033D843}.Debug|x64.ActiveCfg = Debug|Any CPU
		{463E0E77-123A-4556-B795-6185C033D843}.Debug|x64.Build.0 = Debug|Any CPU
		{463E0E77-123A-4556-B795-6185C033D843}.Debug|x86.ActiveCfg = Debug|Any CPU
		{463E0E77-123A-4556-B795-6185C033D843}.Debug|x86.Build.0 = Debug|Any CPU
		{463E0E77-123A-4556-B795-6185C033D843}.Release|Any CPU.ActiveCfg = Release|Any CPU
		{463E0E77-123A-4556-B795-6185C033D843}.Release|Any CPU.Build.0 = Release|Any CPU
		{463E0E77-123A-4556-B795-6185C033D843}.Release|x64.ActiveCfg = Release|Any CPU
		{463E0E77-123A-4556-B795-6185C033D843}.Release|x64.Build.0 = Release|Any CPU
		{463E0E77-123A-4556-B795-6185C033D843}.Release|x86.ActiveCfg = Release|Any CPU
		{463E0E77-123A-4556-B795-6185C033D843}.Release|x86.Build.0 = Release|Any CPU
		{5964DCC4-1B5B-4183-BE4D-91C71B8FDB95}.Debug|Any CPU.ActiveCfg = Debug|Any CPU
		{5964DCC4-1B5B-4183-BE4D-91C71B8FDB95}.Debug|Any CPU.Build.0 = Debug|Any CPU
		{5964DCC4-1B5B-4183-BE4D-91C71B8FDB95}.Debug|x64.ActiveCfg = Debug|Any CPU
		{5964DCC4-1B5B-4183-BE4D-91C71B8FDB95}.Debug|x64.Build.0 = Debug|Any CPU
		{5964DCC4-1B5B-4183-BE4D-91C71B8FDB95}.Debug|x86.ActiveCfg = Debug|Any CPU
		{5964DCC4-1B5B-4183-BE4D-91C71B8FDB95}.Debug|x86.Build.0 = Debug|Any CPU
		{5964DCC4-1B5B-4183-BE4D-91C71B8FDB95}.Release|Any CPU.ActiveCfg = Release|Any CPU
		{5964DCC4-1B5B-4183-BE4D-91C71B8FDB95}.Release|Any CPU.Build.0 = Release|Any CPU
		{5964DCC4-1B5B-4183-BE4D-91C71B8FDB95}.Release|x64.ActiveCfg = Release|Any CPU
		{5964DCC4-1B5B-4183-BE4D-91C71B8FDB95}.Release|x64.Build.0 = Release|Any CPU
		{5964DCC4-1B5B-4183-BE4D-91C71B8FDB95}.Release|x86.ActiveCfg = Release|Any CPU
		{5964DCC4-1B5B-4183-BE4D-91C71B8FDB95}.Release|x86.Build.0 = Release|Any CPU
		{6BB9DBBE-282F-460B-94EA-93802AA3D880}.Debug|Any CPU.ActiveCfg = Debug|Any CPU
		{6BB9DBBE-282F-460B-94EA-93802AA3D880}.Debug|Any CPU.Build.0 = Debug|Any CPU
		{6BB9DBBE-282F-460B-94EA-93802AA3D880}.Debug|x64.ActiveCfg = Debug|Any CPU
		{6BB9DBBE-282F-460B-94EA-93802AA3D880}.Debug|x64.Build.0 = Debug|Any CPU
		{6BB9DBBE-282F-460B-94EA-93802AA3D880}.Debug|x86.ActiveCfg = Debug|Any CPU
		{6BB9DBBE-282F-460B-94EA-93802AA3D880}.Debug|x86.Build.0 = Debug|Any CPU
		{6BB9DBBE-282F-460B-94EA-93802AA3D880}.Release|Any CPU.ActiveCfg = Release|Any CPU
		{6BB9DBBE-282F-460B-94EA-93802AA3D880}.Release|Any CPU.Build.0 = Release|Any CPU
		{6BB9DBBE-282F-460B-94EA-93802AA3D880}.Release|x64.ActiveCfg = Release|Any CPU
		{6BB9DBBE-282F-460B-94EA-93802AA3D880}.Release|x64.Build.0 = Release|Any CPU
		{6BB9DBBE-282F-460B-94EA-93802AA3D880}.Release|x86.ActiveCfg = Release|Any CPU
		{6BB9DBBE-282F-460B-94EA-93802AA3D880}.Release|x86.Build.0 = Release|Any CPU
		{DC205C81-3E83-4C04-A793-4CA7D3E406E1}.Debug|Any CPU.ActiveCfg = Debug|Any CPU
		{DC205C81-3E83-4C04-A793-4CA7D3E406E1}.Debug|Any CPU.Build.0 = Debug|Any CPU
		{DC205C81-3E83-4C04-A793-4CA7D3E406E1}.Debug|x64.ActiveCfg = Debug|Any CPU
		{DC205C81-3E83-4C04-A793-4CA7D3E406E1}.Debug|x64.Build.0 = Debug|Any CPU
		{DC205C81-3E83-4C04-A793-4CA7D3E406E1}.Debug|x86.ActiveCfg = Debug|Any CPU
		{DC205C81-3E83-4C04-A793-4CA7D3E406E1}.Debug|x86.Build.0 = Debug|Any CPU
		{DC205C81-3E83-4C04-A793-4CA7D3E406E1}.Release|Any CPU.ActiveCfg = Release|Any CPU
		{DC205C81-3E83-4C04-A793-4CA7D3E406E1}.Release|Any CPU.Build.0 = Release|Any CPU
		{DC205C81-3E83-4C04-A793-4CA7D3E406E1}.Release|x64.ActiveCfg = Release|Any CPU
		{DC205C81-3E83-4C04-A793-4CA7D3E406E1}.Release|x64.Build.0 = Release|Any CPU
		{DC205C81-3E83-4C04-A793-4CA7D3E406E1}.Release|x86.ActiveCfg = Release|Any CPU
		{DC205C81-3E83-4C04-A793-4CA7D3E406E1}.Release|x86.Build.0 = Release|Any CPU
		{F7AA8D6A-7D67-45D6-8875-2BF4B5A9359C}.Debug|Any CPU.ActiveCfg = Debug|Any CPU
		{F7AA8D6A-7D67-45D6-8875-2BF4B5A9359C}.Debug|Any CPU.Build.0 = Debug|Any CPU
		{F7AA8D6A-7D67-45D6-8875-2BF4B5A9359C}.Debug|x64.ActiveCfg = Debug|Any CPU
		{F7AA8D6A-7D67-45D6-8875-2BF4B5A9359C}.Debug|x64.Build.0 = Debug|Any CPU
		{F7AA8D6A-7D67-45D6-8875-2BF4B5A9359C}.Debug|x86.ActiveCfg = Debug|Any CPU
		{F7AA8D6A-7D67-45D6-8875-2BF4B5A9359C}.Debug|x86.Build.0 = Debug|Any CPU
		{F7AA8D6A-7D67-45D6-8875-2BF4B5A9359C}.Release|Any CPU.ActiveCfg = Release|Any CPU
		{F7AA8D6A-7D67-45D6-8875-2BF4B5A9359C}.Release|Any CPU.Build.0 = Release|Any CPU
		{F7AA8D6A-7D67-45D6-8875-2BF4B5A9359C}.Release|x64.ActiveCfg = Release|Any CPU
		{F7AA8D6A-7D67-45D6-8875-2BF4B5A9359C}.Release|x64.Build.0 = Release|Any CPU
		{F7AA8D6A-7D67-45D6-8875-2BF4B5A9359C}.Release|x86.ActiveCfg = Release|Any CPU
		{F7AA8D6A-7D67-45D6-8875-2BF4B5A9359C}.Release|x86.Build.0 = Release|Any CPU
		{D4C1E5B2-64D9-4F68-A0A2-9B0D775E3C10}.Debug|Any CPU.ActiveCfg = Debug|Any CPU
		{D4C1E5B2-64D9-4F68-A0A2-9B0D775E3C10}.Debug|Any CPU.Build.0 = Debug|Any CPU
		{D4C1E5B2-64D9-4F68-A0A2-9B0D775E3C10}.Debug|x64.ActiveCfg = Debug|Any CPU
		{D4C1E5B2-64D9-4F68-A0A2-9B0D775E3C10}.Debug|x64.Build.0 = Debug|Any CPU
		{D4C1E5B2-64D9-4F68-A0A2-9B0D775E3C10}.Debug|x86.ActiveCfg = Debug|Any CPU
		{D4C1E5B2-64D9-4F68-A0A2-9B0D775E3C10}.Debug|x86.Build.0 = Debug|Any CPU
		{D4C1E5B2-64D9-4F68-A0A2-9B0D775E3C10}.Release|Any CPU.ActiveCfg = Release|Any CPU
		{D4C1E5B2-64D9-4F68-A0A2-9B0D775E3C10}.Release|Any CPU.Build.0 = Release|Any CPU
		{D4C1E5B2-64D9-4F68-A0A2-9B0D775E3C10}.Release|x64.ActiveCfg = Release|Any CPU
		{D4C1E5B2-64D9-4F68-A0A2-9B0D775E3C10}.Release|x64.Build.0 = Release|Any CPU
		{D4C1E5B2-64D9-4F68-A0A2-9B0D775E3C10}.Release|x86.ActiveCfg = Release|Any CPU
		{D4C1E5B2-64D9-4F68-A0A2-9B0D775E3C10}.Release|x86.Build.0 = Release|Any CPU
		{E46C108A-D8DD-4135-BAF6-343A35D5CA64}.Debug|Any CPU.ActiveCfg = Debug|Any CPU
		{E46C108A-D8DD-4135-BAF6-343A35D5CA64}.Debug|Any CPU.Build.0 = Debug|Any CPU
		{E46C108A-D8DD-4135-BAF6-343A35D5CA64}.Debug|x64.ActiveCfg = Debug|Any CPU
		{E46C108A-D8DD-4135-BAF6-343A35D5CA64}.Debug|x64.Build.0 = Debug|Any CPU
		{E46C108A-D8DD-4135-BAF6-343A35D5CA64}.Debug|x86.ActiveCfg = Debug|Any CPU
		{E46C108A-D8DD-4135-BAF6-343A35D5CA64}.Debug|x86.Build.0 = Debug|Any CPU
		{E46C108A-D8DD-4135-BAF6-343A35D5CA64}.Release|Any CPU.ActiveCfg = Release|Any CPU
		{E46C108A-D8DD-4135-BAF6-343A35D5CA64}.Release|Any CPU.Build.0 = Release|Any CPU
		{E46C108A-D8DD-4135-BAF6-343A35D5CA64}.Release|x64.ActiveCfg = Release|Any CPU
		{E46C108A-D8DD-4135-BAF6-343A35D5CA64}.Release|x64.Build.0 = Release|Any CPU
		{E46C108A-D8DD-4135-BAF6-343A35D5CA64}.Release|x86.ActiveCfg = Release|Any CPU
		{E46C108A-D8DD-4135-BAF6-343A35D5CA64}.Release|x86.Build.0 = Release|Any CPU
		{2B196E93-DBF2-4EB9-AFF8-D11A78423585}.Debug|Any CPU.ActiveCfg = Debug|Any CPU
		{2B196E93-DBF2-4EB9-AFF8-D11A78423585}.Debug|Any CPU.Build.0 = Debug|Any CPU
		{2B196E93-DBF2-4EB9-AFF8-D11A78423585}.Debug|x64.ActiveCfg = Debug|Any CPU
		{2B196E93-DBF2-4EB9-AFF8-D11A78423585}.Debug|x64.Build.0 = Debug|Any CPU
		{2B196E93-DBF2-4EB9-AFF8-D11A78423585}.Debug|x86.ActiveCfg = Debug|Any CPU
		{2B196E93-DBF2-4EB9-AFF8-D11A78423585}.Debug|x86.Build.0 = Debug|Any CPU
		{2B196E93-DBF2-4EB9-AFF8-D11A78423585}.Release|Any CPU.ActiveCfg = Release|Any CPU
		{2B196E93-DBF2-4EB9-AFF8-D11A78423585}.Release|Any CPU.Build.0 = Release|Any CPU
		{2B196E93-DBF2-4EB9-AFF8-D11A78423585}.Release|x64.ActiveCfg = Release|Any CPU
		{2B196E93-DBF2-4EB9-AFF8-D11A78423585}.Release|x64.Build.0 = Release|Any CPU
		{2B196E93-DBF2-4EB9-AFF8-D11A78423585}.Release|x86.ActiveCfg = Release|Any CPU
		{2B196E93-DBF2-4EB9-AFF8-D11A78423585}.Release|x86.Build.0 = Release|Any CPU
		{F1A9FD39-2688-45D9-B3BE-BB0C43FA9C9C}.Debug|Any CPU.ActiveCfg = Debug|Any CPU
		{F1A9FD39-2688-45D9-B3BE-BB0C43FA9C9C}.Debug|Any CPU.Build.0 = Debug|Any CPU
		{F1A9FD39-2688-45D9-B3BE-BB0C43FA9C9C}.Debug|x64.ActiveCfg = Debug|Any CPU
		{F1A9FD39-2688-45D9-B3BE-BB0C43FA9C9C}.Debug|x64.Build.0 = Debug|Any CPU
		{F1A9FD39-2688-45D9-B3BE-BB0C43FA9C9C}.Debug|x86.ActiveCfg = Debug|Any CPU
		{F1A9FD39-2688-45D9-B3BE-BB0C43FA9C9C}.Debug|x86.Build.0 = Debug|Any CPU
		{F1A9FD39-2688-45D9-B3BE-BB0C43FA9C9C}.Release|Any CPU.ActiveCfg = Release|Any CPU
		{F1A9FD39-2688-45D9-B3BE-BB0C43FA9C9C}.Release|Any CPU.Build.0 = Release|Any CPU
		{F1A9FD39-2688-45D9-B3BE-BB0C43FA9C9C}.Release|x64.ActiveCfg = Release|Any CPU
		{F1A9FD39-2688-45D9-B3BE-BB0C43FA9C9C}.Release|x64.Build.0 = Release|Any CPU
		{F1A9FD39-2688-45D9-B3BE-BB0C43FA9C9C}.Release|x86.ActiveCfg = Release|Any CPU
		{F1A9FD39-2688-45D9-B3BE-BB0C43FA9C9C}.Release|x86.Build.0 = Release|Any CPU
		{4D162459-5969-4435-AB7F-F396345E3263}.Debug|Any CPU.ActiveCfg = Debug|Any CPU
		{4D162459-5969-4435-AB7F-F396345E3263}.Debug|Any CPU.Build.0 = Debug|Any CPU
		{4D162459-5969-4435-AB7F-F396345E3263}.Debug|x64.ActiveCfg = Debug|Any CPU
		{4D162459-5969-4435-AB7F-F396345E3263}.Debug|x64.Build.0 = Debug|Any CPU
		{4D162459-5969-4435-AB7F-F396345E3263}.Debug|x86.ActiveCfg = Debug|Any CPU
		{4D162459-5969-4435-AB7F-F396345E3263}.Debug|x86.Build.0 = Debug|Any CPU
		{4D162459-5969-4435-AB7F-F396345E3263}.Release|Any CPU.ActiveCfg = Release|Any CPU
		{4D162459-5969-4435-AB7F-F396345E3263}.Release|Any CPU.Build.0 = Release|Any CPU
		{4D162459-5969-4435-AB7F-F396345E3263}.Release|x64.ActiveCfg = Release|Any CPU
		{4D162459-5969-4435-AB7F-F396345E3263}.Release|x64.Build.0 = Release|Any CPU
		{4D162459-5969-4435-AB7F-F396345E3263}.Release|x86.ActiveCfg = Release|Any CPU
		{4D162459-5969-4435-AB7F-F396345E3263}.Release|x86.Build.0 = Release|Any CPU
		{76430F33-335A-4DDA-898F-C9C116896EFA}.Debug|Any CPU.ActiveCfg = Debug|Any CPU
		{76430F33-335A-4DDA-898F-C9C116896EFA}.Debug|Any CPU.Build.0 = Debug|Any CPU
		{76430F33-335A-4DDA-898F-C9C116896EFA}.Debug|x64.ActiveCfg = Debug|Any CPU
		{76430F33-335A-4DDA-898F-C9C116896EFA}.Debug|x64.Build.0 = Debug|Any CPU
		{76430F33-335A-4DDA-898F-C9C116896EFA}.Debug|x86.ActiveCfg = Debug|Any CPU
		{76430F33-335A-4DDA-898F-C9C116896EFA}.Debug|x86.Build.0 = Debug|Any CPU
		{76430F33-335A-4DDA-898F-C9C116896EFA}.Release|Any CPU.ActiveCfg = Release|Any CPU
		{76430F33-335A-4DDA-898F-C9C116896EFA}.Release|Any CPU.Build.0 = Release|Any CPU
		{76430F33-335A-4DDA-898F-C9C116896EFA}.Release|x64.ActiveCfg = Release|Any CPU
		{76430F33-335A-4DDA-898F-C9C116896EFA}.Release|x64.Build.0 = Release|Any CPU
		{76430F33-335A-4DDA-898F-C9C116896EFA}.Release|x86.ActiveCfg = Release|Any CPU
		{76430F33-335A-4DDA-898F-C9C116896EFA}.Release|x86.Build.0 = Release|Any CPU
		{1FFBA822-082C-47F4-BE1D-8E2DFEB57423}.Debug|Any CPU.ActiveCfg = Debug|Any CPU
		{1FFBA822-082C-47F4-BE1D-8E2DFEB57423}.Debug|Any CPU.Build.0 = Debug|Any CPU
		{1FFBA822-082C-47F4-BE1D-8E2DFEB57423}.Debug|x64.ActiveCfg = Debug|Any CPU
		{1FFBA822-082C-47F4-BE1D-8E2DFEB57423}.Debug|x64.Build.0 = Debug|Any CPU
		{1FFBA822-082C-47F4-BE1D-8E2DFEB57423}.Debug|x86.ActiveCfg = Debug|Any CPU
		{1FFBA822-082C-47F4-BE1D-8E2DFEB57423}.Debug|x86.Build.0 = Debug|Any CPU
		{1FFBA822-082C-47F4-BE1D-8E2DFEB57423}.Release|Any CPU.ActiveCfg = Release|Any CPU
		{1FFBA822-082C-47F4-BE1D-8E2DFEB57423}.Release|Any CPU.Build.0 = Release|Any CPU
		{1FFBA822-082C-47F4-BE1D-8E2DFEB57423}.Release|x64.ActiveCfg = Release|Any CPU
		{1FFBA822-082C-47F4-BE1D-8E2DFEB57423}.Release|x64.Build.0 = Release|Any CPU
		{1FFBA822-082C-47F4-BE1D-8E2DFEB57423}.Release|x86.ActiveCfg = Release|Any CPU
		{1FFBA822-082C-47F4-BE1D-8E2DFEB57423}.Release|x86.Build.0 = Release|Any CPU
		{B6BB3813-402A-428E-9602-121432C342D4}.Debug|Any CPU.ActiveCfg = Debug|Any CPU
		{B6BB3813-402A-428E-9602-121432C342D4}.Debug|Any CPU.Build.0 = Debug|Any CPU
		{B6BB3813-402A-428E-9602-121432C342D4}.Debug|x64.ActiveCfg = Debug|Any CPU
		{B6BB3813-402A-428E-9602-121432C342D4}.Debug|x64.Build.0 = Debug|Any CPU
		{B6BB3813-402A-428E-9602-121432C342D4}.Debug|x86.ActiveCfg = Debug|Any CPU
		{B6BB3813-402A-428E-9602-121432C342D4}.Debug|x86.Build.0 = Debug|Any CPU
		{B6BB3813-402A-428E-9602-121432C342D4}.Release|Any CPU.ActiveCfg = Release|Any CPU
		{B6BB3813-402A-428E-9602-121432C342D4}.Release|Any CPU.Build.0 = Release|Any CPU
		{B6BB3813-402A-428E-9602-121432C342D4}.Release|x64.ActiveCfg = Release|Any CPU
		{B6BB3813-402A-428E-9602-121432C342D4}.Release|x64.Build.0 = Release|Any CPU
		{B6BB3813-402A-428E-9602-121432C342D4}.Release|x86.ActiveCfg = Release|Any CPU
		{B6BB3813-402A-428E-9602-121432C342D4}.Release|x86.Build.0 = Release|Any CPU
		{DD145C24-584D-49E5-96D8-ABBDA2BD5176}.Debug|Any CPU.ActiveCfg = Debug|Any CPU
		{DD145C24-584D-49E5-96D8-ABBDA2BD5176}.Debug|Any CPU.Build.0 = Debug|Any CPU
		{DD145C24-584D-49E5-96D8-ABBDA2BD5176}.Debug|x64.ActiveCfg = Debug|Any CPU
		{DD145C24-584D-49E5-96D8-ABBDA2BD5176}.Debug|x64.Build.0 = Debug|Any CPU
		{DD145C24-584D-49E5-96D8-ABBDA2BD5176}.Debug|x86.ActiveCfg = Debug|Any CPU
		{DD145C24-584D-49E5-96D8-ABBDA2BD5176}.Debug|x86.Build.0 = Debug|Any CPU
		{DD145C24-584D-49E5-96D8-ABBDA2BD5176}.Release|Any CPU.ActiveCfg = Release|Any CPU
		{DD145C24-584D-49E5-96D8-ABBDA2BD5176}.Release|Any CPU.Build.0 = Release|Any CPU
		{DD145C24-584D-49E5-96D8-ABBDA2BD5176}.Release|x64.ActiveCfg = Release|Any CPU
		{DD145C24-584D-49E5-96D8-ABBDA2BD5176}.Release|x64.Build.0 = Release|Any CPU
		{DD145C24-584D-49E5-96D8-ABBDA2BD5176}.Release|x86.ActiveCfg = Release|Any CPU
		{DD145C24-584D-49E5-96D8-ABBDA2BD5176}.Release|x86.Build.0 = Release|Any CPU
	EndGlobalSection
	GlobalSection(SolutionProperties) = preSolution
		HideSolutionNode = FALSE
	EndGlobalSection
	GlobalSection(NestedProjects) = preSolution
		{11F73670-87EF-47A7-A929-D7A6BD30FA0F} = {C3C92FCB-2813-4334-B686-D1B9A715CEA8}
		{D5F79A73-C5C1-44BA-BA37-A9D430DBDCA5} = {02EA681E-C7D8-13C7-8484-4AC65E1B71E8}
		{2D7A1858-F35A-4689-B580-B43707C418BF} = {D5F79A73-C5C1-44BA-BA37-A9D430DBDCA5}
		{DD8EEAC1-A554-4CD4-BA97-701D7AB9AFA3} = {D5F79A73-C5C1-44BA-BA37-A9D430DBDCA5}
		{231BD3FA-28BF-4C75-92E2-F8480099F854} = {D5F79A73-C5C1-44BA-BA37-A9D430DBDCA5}
		{24510BC7-4FDF-41D1-A5E7-2FF175D85231} = {D5F79A73-C5C1-44BA-BA37-A9D430DBDCA5}
		{EF21BB4E-B350-4838-946B-10503A191DDA} = {7AFE8DFC-DF6C-4DAF-AAF3-5ED4290EEFE8}
		{5F4B8DAA-8093-456D-8D2D-C3E973B193F6} = {7AFE8DFC-DF6C-4DAF-AAF3-5ED4290EEFE8}
		{BBA5E6B1-5A80-4FAF-B72D-4B33FC531EA9} = {7AFE8DFC-DF6C-4DAF-AAF3-5ED4290EEFE8}
		{2772F9A7-576C-4C7F-9B09-05AF99957682} = {02EA681E-C7D8-13C7-8484-4AC65E1B71E8}
		{463E0E77-123A-4556-B795-6185C033D843} = {2772F9A7-576C-4C7F-9B09-05AF99957682}
		{5964DCC4-1B5B-4183-BE4D-91C71B8FDB95} = {2772F9A7-576C-4C7F-9B09-05AF99957682}
		{6BB9DBBE-282F-460B-94EA-93802AA3D880} = {2772F9A7-576C-4C7F-9B09-05AF99957682}
		{DC205C81-3E83-4C04-A793-4CA7D3E406E1} = {2772F9A7-576C-4C7F-9B09-05AF99957682}
		{F7AA8D6A-7D67-45D6-8875-2BF4B5A9359C} = {7AFE8DFC-DF6C-4DAF-AAF3-5ED4290EEFE8}
		{D4C1E5B2-64D9-4F68-A0A2-9B0D775E3C10} = {7AFE8DFC-DF6C-4DAF-AAF3-5ED4290EEFE8}
		{A2D90DE8-20D9-46AC-A91B-55079B6D29C1} = {02EA681E-C7D8-13C7-8484-4AC65E1B71E8}
		{E46C108A-D8DD-4135-BAF6-343A35D5CA64} = {A2D90DE8-20D9-46AC-A91B-55079B6D29C1}
		{901DA1A6-264C-D97A-71FB-4D2CA1CFB10B} = {0AB3BF05-4346-4AA6-1389-037BE0695223}
		{2B196E93-DBF2-4EB9-AFF8-D11A78423585} = {901DA1A6-264C-D97A-71FB-4D2CA1CFB10B}
		{F1A9FD39-2688-45D9-B3BE-BB0C43FA9C9C} = {7AFE8DFC-DF6C-4DAF-AAF3-5ED4290EEFE8}
		{BFAA98EA-5337-A297-5334-DC8AFFE1FD8D} = {02EA681E-C7D8-13C7-8484-4AC65E1B71E8}
		{4D162459-5969-4435-AB7F-F396345E3263} = {BFAA98EA-5337-A297-5334-DC8AFFE1FD8D}
		{76430F33-335A-4DDA-898F-C9C116896EFA} = {BFAA98EA-5337-A297-5334-DC8AFFE1FD8D}
		{1FFBA822-082C-47F4-BE1D-8E2DFEB57423} = {BFAA98EA-5337-A297-5334-DC8AFFE1FD8D}
		{B6BB3813-402A-428E-9602-121432C342D4} = {BFAA98EA-5337-A297-5334-DC8AFFE1FD8D}
		{DD145C24-584D-49E5-96D8-ABBDA2BD5176} = {0AB3BF05-4346-4AA6-1389-037BE0695223}
	EndGlobalSection
	GlobalSection(ExtensibilityGlobals) = postSolution
		SolutionGuid = {E591DAC7-7D94-49D9-9149-A954BA348E69}
	EndGlobalSection
EndGlobal
